
Microsoft Visual Studio Solution File, Format Version 12.00
# Visual Studio Version 17
VisualStudioVersion = 17.8.34511.84
MinimumVisualStudioVersion = 10.0.40219.1
Project("{8BC9CEB8-8B4A-11D0-8D11-00A0C91BC942}") = "P10-3", "P10-3\P10-3.vcxproj", "{5BDB58BF-8A64-49E4-855D-C4F97C27259C}"
EndProject
Global
	GlobalSection(SolutionConfigurationPlatforms) = preSolution
		Debug|x64 = Debug|x64
		Debug|x86 = Debug|x86
		Release|x64 = Release|x64
		Release|x86 = Release|x86
	EndGlobalSection
	GlobalSection(ProjectConfigurationPlatforms) = postSolution
		{5BDB58BF-8A64-49E4-855D-C4F97C27259C}.Debug|x64.ActiveCfg = Debug|x64
		{5BDB58BF-8A64-49E4-855D-C4F97C27259C}.Debug|x64.Build.0 = Debug|x64
		{5BDB58BF-8A64-49E4-855D-C4F97C27259C}.Debug|x86.ActiveCfg = Debug|Win32
		{5BDB58BF-8A64-49E4-855D-C4F97C27259C}.Debug|x86.Build.0 = Debug|Win32
		{5BDB58BF-8A64-49E4-855D-C4F97C27259C}.Release|x64.ActiveCfg = Release|x64
		{5BDB58BF-8A64-49E4-855D-C4F97C27259C}.Release|x64.Build.0 = Release|x64
		{5BDB58BF-8A64-49E4-855D-C4F97C27259C}.Release|x86.ActiveCfg = Release|Win32
		{5BDB58BF-8A64-49E4-855D-C4F97C27259C}.Release|x86.Build.0 = Release|Win32
	EndGlobalSection
	GlobalSection(SolutionProperties) = preSolution
		HideSolutionNode = FALSE
	EndGlobalSection
	GlobalSection(ExtensibilityGlobals) = postSolution
		SolutionGuid = {091511C3-F526-41BF-BA17-C5F51948E104}
	EndGlobalSection
EndGlobal
